// !$*UTF8*$!
{
	archiveVersion = 1;
	classes = {
	};
	objectVersion = 56;
	objects = {

/* Begin PBXBuildFile section */
		2325CE5628C77BF2000944D7 /* TabManager.swift in Sources */ = {isa = PBXBuildFile; fileRef = 2325CE5528C77BF2000944D7 /* TabManager.swift */; };
		2325CE5828C77F04000944D7 /* NavigationViewModel.swift in Sources */ = {isa = PBXBuildFile; fileRef = 2325CE5728C77F04000944D7 /* NavigationViewModel.swift */; };
		2325CE5A28C784D0000944D7 /* MediumHStackItem.swift in Sources */ = {isa = PBXBuildFile; fileRef = 2325CE5928C784D0000944D7 /* MediumHStackItem.swift */; };
		2370636528C8B61400CE9BDE /* SearchCategoriesSubView.swift in Sources */ = {isa = PBXBuildFile; fileRef = 2370636428C8B61300CE9BDE /* SearchCategoriesSubView.swift */; };
		2370636728C8C2DC00CE9BDE /* SearchResultItem.swift in Sources */ = {isa = PBXBuildFile; fileRef = 2370636628C8C2DC00CE9BDE /* SearchResultItem.swift */; };
		23884A5E28C7C526006F226B /* LargeGridItem.swift in Sources */ = {isa = PBXBuildFile; fileRef = 23884A5D28C7C526006F226B /* LargeGridItem.swift */; };
		23884A6028C7CE12006F226B /* NavigationTabs.swift in Sources */ = {isa = PBXBuildFile; fileRef = 23884A5F28C7CE12006F226B /* NavigationTabs.swift */; };
		238AEE1528C7B2EF00F67726 /* Search.swift in Sources */ = {isa = PBXBuildFile; fileRef = 238AEE1428C7B2EF00F67726 /* Search.swift */; };
		2390B75128C78AE7006BF1B2 /* MusicsViewModel.swift in Sources */ = {isa = PBXBuildFile; fileRef = 2390B75028C78AE7006BF1B2 /* MusicsViewModel.swift */; };
		2390B75328C78E85006BF1B2 /* Music.swift in Sources */ = {isa = PBXBuildFile; fileRef = 2390B75228C78E85006BF1B2 /* Music.swift */; };
		2390B75628C79496006BF1B2 /* Alamofire in Frameworks */ = {isa = PBXBuildFile; productRef = 2390B75528C79496006BF1B2 /* Alamofire */; };
		2390B75928C79EF7006BF1B2 /* Kingfisher in Frameworks */ = {isa = PBXBuildFile; productRef = 2390B75828C79EF7006BF1B2 /* Kingfisher */; };
		23DBB6AD28E38CED0060B4A6 /* spotifyShowcase.png in Resources */ = {isa = PBXBuildFile; fileRef = 23DBB6AC28E38CED0060B4A6 /* spotifyShowcase.png */; };
		23E0908328C7632A0059ADD2 /* SpotifyCloneApp.swift in Sources */ = {isa = PBXBuildFile; fileRef = 23E0908228C7632A0059ADD2 /* SpotifyCloneApp.swift */; };
		23E0908528C7632A0059ADD2 /* ContentView.swift in Sources */ = {isa = PBXBuildFile; fileRef = 23E0908428C7632A0059ADD2 /* ContentView.swift */; };
		23E0908728C7632B0059ADD2 /* Assets.xcassets in Resources */ = {isa = PBXBuildFile; fileRef = 23E0908628C7632B0059ADD2 /* Assets.xcassets */; };
		23E0908A28C7632B0059ADD2 /* Preview Assets.xcassets in Resources */ = {isa = PBXBuildFile; fileRef = 23E0908928C7632B0059ADD2 /* Preview Assets.xcassets */; };
		23E0909528C763CE0059ADD2 /* Home.swift in Sources */ = {isa = PBXBuildFile; fileRef = 23E0909428C763CE0059ADD2 /* Home.swift */; };
		23E0909728C766C40059ADD2 /* Variations.swift in Sources */ = {isa = PBXBuildFile; fileRef = 23E0909628C766C40059ADD2 /* Variations.swift */; };
		23E0909928C76DB30059ADD2 /* IconSmall.swift in Sources */ = {isa = PBXBuildFile; fileRef = 23E0909828C76DB30059ADD2 /* IconSmall.swift */; };
		23E0909B28C770A60059ADD2 /* SmallGridItem.swift in Sources */ = {isa = PBXBuildFile; fileRef = 23E0909A28C770A60059ADD2 /* SmallGridItem.swift */; };
		23E0909D28C775750059ADD2 /* LargeHStackItem.swift in Sources */ = {isa = PBXBuildFile; fileRef = 23E0909C28C775750059ADD2 /* LargeHStackItem.swift */; };
/* End PBXBuildFile section */

/* Begin PBXFileReference section */
		2325CE5528C77BF2000944D7 /* TabManager.swift */ = {isa = PBXFileReference; lastKnownFileType = sourcecode.swift; path = TabManager.swift; sourceTree = "<group>"; };
		2325CE5728C77F04000944D7 /* NavigationViewModel.swift */ = {isa = PBXFileReference; lastKnownFileType = sourcecode.swift; path = NavigationViewModel.swift; sourceTree = "<group>"; };
		2325CE5928C784D0000944D7 /* MediumHStackItem.swift */ = {isa = PBXFileReference; lastKnownFileType = sourcecode.swift; path = MediumHStackItem.swift; sourceTree = "<group>"; };
		2370636428C8B61300CE9BDE /* SearchCategoriesSubView.swift */ = {isa = PBXFileReference; lastKnownFileType = sourcecode.swift; path = SearchCategoriesSubView.swift; sourceTree = "<group>"; };
		2370636628C8C2DC00CE9BDE /* SearchResultItem.swift */ = {isa = PBXFileReference; lastKnownFileType = sourcecode.swift; path = SearchResultItem.swift; sourceTree = "<group>"; };
		23884A5D28C7C526006F226B /* LargeGridItem.swift */ = {isa = PBXFileReference; lastKnownFileType = sourcecode.swift; path = LargeGridItem.swift; sourceTree = "<group>"; };
		23884A5F28C7CE12006F226B /* NavigationTabs.swift */ = {isa = PBXFileReference; lastKnownFileType = sourcecode.swift; path = NavigationTabs.swift; sourceTree = "<group>"; };
		238AEE1428C7B2EF00F67726 /* Search.swift */ = {isa = PBXFileReference; lastKnownFileType = sourcecode.swift; path = Search.swift; sourceTree = "<group>"; };
		2390B75028C78AE7006BF1B2 /* MusicsViewModel.swift */ = {isa = PBXFileReference; lastKnownFileType = sourcecode.swift; path = MusicsViewModel.swift; sourceTree = "<group>"; };
		2390B75228C78E85006BF1B2 /* Music.swift */ = {isa = PBXFileReference; lastKnownFileType = sourcecode.swift; path = Music.swift; sourceTree = "<group>"; };
		23DBB6AA28E38CC80060B4A6 /* README.md */ = {isa = PBXFileReference; lastKnownFileType = net.daringfireball.markdown; path = README.md; sourceTree = "<group>"; };
		23DBB6AC28E38CED0060B4A6 /* spotifyShowcase.png */ = {isa = PBXFileReference; lastKnownFileType = image.png; path = spotifyShowcase.png; sourceTree = "<group>"; };
		23E0907F28C7632A0059ADD2 /* SpotifyClone.app */ = {isa = PBXFileReference; explicitFileType = wrapper.application; includeInIndex = 0; path = SpotifyClone.app; sourceTree = BUILT_PRODUCTS_DIR; };
		23E0908228C7632A0059ADD2 /* SpotifyCloneApp.swift */ = {isa = PBXFileReference; lastKnownFileType = sourcecode.swift; path = SpotifyCloneApp.swift; sourceTree = "<group>"; };
		23E0908428C7632A0059ADD2 /* ContentView.swift */ = {isa = PBXFileReference; lastKnownFileType = sourcecode.swift; path = ContentView.swift; sourceTree = "<group>"; };
		23E0908628C7632B0059ADD2 /* Assets.xcassets */ = {isa = PBXFileReference; lastKnownFileType = folder.assetcatalog; path = Assets.xcassets; sourceTree = "<group>"; };
		23E0908928C7632B0059ADD2 /* Preview Assets.xcassets */ = {isa = PBXFileReference; lastKnownFileType = folder.assetcatalog; path = "Preview Assets.xcassets"; sourceTree = "<group>"; };
		23E0909428C763CE0059ADD2 /* Home.swift */ = {isa = PBXFileReference; lastKnownFileType = sourcecode.swift; path = Home.swift; sourceTree = "<group>"; };
		23E0909628C766C40059ADD2 /* Variations.swift */ = {isa = PBXFileReference; lastKnownFileType = sourcecode.swift; path = Variations.swift; sourceTree = "<group>"; };
		23E0909828C76DB30059ADD2 /* IconSmall.swift */ = {isa = PBXFileReference; lastKnownFileType = sourcecode.swift; path = IconSmall.swift; sourceTree = "<group>"; };
		23E0909A28C770A60059ADD2 /* SmallGridItem.swift */ = {isa = PBXFileReference; lastKnownFileType = sourcecode.swift; path = SmallGridItem.swift; sourceTree = "<group>"; };
		23E0909C28C775750059ADD2 /* LargeHStackItem.swift */ = {isa = PBXFileReference; lastKnownFileType = sourcecode.swift; path = LargeHStackItem.swift; sourceTree = "<group>"; };
/* End PBXFileReference section */

/* Begin PBXFrameworksBuildPhase section */
		23E0907C28C7632A0059ADD2 /* Frameworks */ = {
			isa = PBXFrameworksBuildPhase;
			buildActionMask = 2147483647;
			files = (
				2390B75928C79EF7006BF1B2 /* Kingfisher in Frameworks */,
				2390B75628C79496006BF1B2 /* Alamofire in Frameworks */,
			);
			runOnlyForDeploymentPostprocessing = 0;
		};
/* End PBXFrameworksBuildPhase section */

/* Begin PBXGroup section */
		2370636228C8B55C00CE9BDE /* Home */ = {
			isa = PBXGroup;
			children = (
				23E0909428C763CE0059ADD2 /* Home.swift */,
			);
			path = Home;
			sourceTree = "<group>";
		};
		2370636328C8B56500CE9BDE /* Search */ = {
			isa = PBXGroup;
			children = (
				238AEE1428C7B2EF00F67726 /* Search.swift */,
				2370636428C8B61300CE9BDE /* SearchCategoriesSubView.swift */,
			);
			path = Search;
			sourceTree = "<group>";
		};
		23DBB6AB28E38CDD0060B4A6 /* images */ = {
			isa = PBXGroup;
			children = (
				23DBB6AC28E38CED0060B4A6 /* spotifyShowcase.png */,
			);
			path = images;
			sourceTree = "<group>";
		};
		23E0907628C7632A0059ADD2 = {
			isa = PBXGroup;
			children = (
				23DBB6AB28E38CDD0060B4A6 /* images */,
				23DBB6AA28E38CC80060B4A6 /* README.md */,
				23E0908128C7632A0059ADD2 /* SpotifyClone */,
				23E0908028C7632A0059ADD2 /* Products */,
			);
			sourceTree = "<group>";
		};
		23E0908028C7632A0059ADD2 /* Products */ = {
			isa = PBXGroup;
			children = (
				23E0907F28C7632A0059ADD2 /* SpotifyClone.app */,
			);
			name = Products;
			sourceTree = "<group>";
		};
		23E0908128C7632A0059ADD2 /* SpotifyClone */ = {
			isa = PBXGroup;
			children = (
				23E0909328C763C30059ADD2 /* Components */,
				23E0909228C763A00059ADD2 /* Model */,
				23E0909128C7639D0059ADD2 /* ViewModel */,
				23E0909028C7639B0059ADD2 /* View */,
				23E0908228C7632A0059ADD2 /* SpotifyCloneApp.swift */,
				23E0908428C7632A0059ADD2 /* ContentView.swift */,
				23E0908628C7632B0059ADD2 /* Assets.xcassets */,
				23E0908828C7632B0059ADD2 /* Preview Content */,
			);
			path = SpotifyClone;
			sourceTree = "<group>";
		};
		23E0908828C7632B0059ADD2 /* Preview Content */ = {
			isa = PBXGroup;
			children = (
				23E0908928C7632B0059ADD2 /* Preview Assets.xcassets */,
			);
			path = "Preview Content";
			sourceTree = "<group>";
		};
		23E0909028C7639B0059ADD2 /* View */ = {
			isa = PBXGroup;
			children = (
				2370636228C8B55C00CE9BDE /* Home */,
				2370636328C8B56500CE9BDE /* Search */,
				2325CE5528C77BF2000944D7 /* TabManager.swift */,
			);
			path = View;
			sourceTree = "<group>";
		};
		23E0909128C7639D0059ADD2 /* ViewModel */ = {
			isa = PBXGroup;
			children = (
				2325CE5728C77F04000944D7 /* NavigationViewModel.swift */,
				2390B75028C78AE7006BF1B2 /* MusicsViewModel.swift */,
			);
			path = ViewModel;
			sourceTree = "<group>";
		};
		23E0909228C763A00059ADD2 /* Model */ = {
			isa = PBXGroup;
			children = (
				23E0909628C766C40059ADD2 /* Variations.swift */,
				2390B75228C78E85006BF1B2 /* Music.swift */,
				23884A5F28C7CE12006F226B /* NavigationTabs.swift */,
			);
			path = Model;
			sourceTree = "<group>";
		};
		23E0909328C763C30059ADD2 /* Components */ = {
			isa = PBXGroup;
			children = (
				23E0909828C76DB30059ADD2 /* IconSmall.swift */,
				23E0909A28C770A60059ADD2 /* SmallGridItem.swift */,
				23884A5D28C7C526006F226B /* LargeGridItem.swift */,
				23E0909C28C775750059ADD2 /* LargeHStackItem.swift */,
				2325CE5928C784D0000944D7 /* MediumHStackItem.swift */,
				2370636628C8C2DC00CE9BDE /* SearchResultItem.swift */,
			);
			path = Components;
			sourceTree = "<group>";
		};
/* End PBXGroup section */

/* Begin PBXNativeTarget section */
		23E0907E28C7632A0059ADD2 /* SpotifyClone */ = {
			isa = PBXNativeTarget;
			buildConfigurationList = 23E0908D28C7632B0059ADD2 /* Build configuration list for PBXNativeTarget "SpotifyClone" */;
			buildPhases = (
				23E0907B28C7632A0059ADD2 /* Sources */,
				23E0907C28C7632A0059ADD2 /* Frameworks */,
				23E0907D28C7632A0059ADD2 /* Resources */,
			);
			buildRules = (
			);
			dependencies = (
			);
			name = SpotifyClone;
			packageProductDependencies = (
				2390B75528C79496006BF1B2 /* Alamofire */,
				2390B75828C79EF7006BF1B2 /* Kingfisher */,
			);
			productName = SpotifyClone;
			productReference = 23E0907F28C7632A0059ADD2 /* SpotifyClone.app */;
			productType = "com.apple.product-type.application";
		};
/* End PBXNativeTarget section */

/* Begin PBXProject section */
		23E0907728C7632A0059ADD2 /* Project object */ = {
			isa = PBXProject;
			attributes = {
				BuildIndependentTargetsInParallel = 1;
				LastSwiftUpdateCheck = 1400;
				LastUpgradeCheck = 1400;
				TargetAttributes = {
					23E0907E28C7632A0059ADD2 = {
						CreatedOnToolsVersion = 14.0;
					};
				};
			};
			buildConfigurationList = 23E0907A28C7632A0059ADD2 /* Build configuration list for PBXProject "SpotifyClone" */;
			compatibilityVersion = "Xcode 14.0";
			developmentRegion = en;
			hasScannedForEncodings = 0;
			knownRegions = (
				en,
				Base,
			);
			mainGroup = 23E0907628C7632A0059ADD2;
			packageReferences = (
				2390B75428C79496006BF1B2 /* XCRemoteSwiftPackageReference "Alamofire" */,
				2390B75728C79EF7006BF1B2 /* XCRemoteSwiftPackageReference "Kingfisher" */,
			);
			productRefGroup = 23E0908028C7632A0059ADD2 /* Products */;
			projectDirPath = "";
			projectRoot = "";
			targets = (
				23E0907E28C7632A0059ADD2 /* SpotifyClone */,
			);
		};
/* End PBXProject section */

/* Begin PBXResourcesBuildPhase section */
		23E0907D28C7632A0059ADD2 /* Resources */ = {
			isa = PBXResourcesBuildPhase;
			buildActionMask = 2147483647;
			files = (
				23DBB6AD28E38CED0060B4A6 /* spotifyShowcase.png in Resources */,
				23E0908A28C7632B0059ADD2 /* Preview Assets.xcassets in Resources */,
				23E0908728C7632B0059ADD2 /* Assets.xcassets in Resources */,
			);
			runOnlyForDeploymentPostprocessing = 0;
		};
/* End PBXResourcesBuildPhase section */

/* Begin PBXSourcesBuildPhase section */
		23E0907B28C7632A0059ADD2 /* Sources */ = {
			isa = PBXSourcesBuildPhase;
			buildActionMask = 2147483647;
			files = (
				238AEE1528C7B2EF00F67726 /* Search.swift in Sources */,
				2325CE5828C77F04000944D7 /* NavigationViewModel.swift in Sources */,
				2390B75128C78AE7006BF1B2 /* MusicsViewModel.swift in Sources */,
				23E0908528C7632A0059ADD2 /* ContentView.swift in Sources */,
				23E0909928C76DB30059ADD2 /* IconSmall.swift in Sources */,
				23884A6028C7CE12006F226B /* NavigationTabs.swift in Sources */,
				2325CE5A28C784D0000944D7 /* MediumHStackItem.swift in Sources */,
				23E0909D28C775750059ADD2 /* LargeHStackItem.swift in Sources */,
				23E0909B28C770A60059ADD2 /* SmallGridItem.swift in Sources */,
				2370636528C8B61400CE9BDE /* SearchCategoriesSubView.swift in Sources */,
				2370636728C8C2DC00CE9BDE /* SearchResultItem.swift in Sources */,
				23E0909528C763CE0059ADD2 /* Home.swift in Sources */,
				2325CE5628C77BF2000944D7 /* TabManager.swift in Sources */,
				23884A5E28C7C526006F226B /* LargeGridItem.swift in Sources */,
				23E0908328C7632A0059ADD2 /* SpotifyCloneApp.swift in Sources */,
				23E0909728C766C40059ADD2 /* Variations.swift in Sources */,
				2390B75328C78E85006BF1B2 /* Music.swift in Sources */,
			);
			runOnlyForDeploymentPostprocessing = 0;
		};
/* End PBXSourcesBuildPhase section */

/* Begin XCBuildConfiguration section */
		23E0908B28C7632B0059ADD2 /* Debug */ = {
			isa = XCBuildConfiguration;
			buildSettings = {
				ALWAYS_SEARCH_USER_PATHS = NO;
				CLANG_ANALYZER_NONNULL = YES;
				CLANG_ANALYZER_NUMBER_OBJECT_CONVERSION = YES_AGGRESSIVE;
				CLANG_CXX_LANGUAGE_STANDARD = "gnu++20";
				CLANG_ENABLE_MODULES = YES;
				CLANG_ENABLE_OBJC_ARC = YES;
				CLANG_ENABLE_OBJC_WEAK = YES;
				CLANG_WARN_BLOCK_CAPTURE_AUTORELEASING = YES;
				CLANG_WARN_BOOL_CONVERSION = YES;
				CLANG_WARN_COMMA = YES;
				CLANG_WARN_CONSTANT_CONVERSION = YES;
				CLANG_WARN_DEPRECATED_OBJC_IMPLEMENTATIONS = YES;
				CLANG_WARN_DIRECT_OBJC_ISA_USAGE = YES_ERROR;
				CLANG_WARN_DOCUMENTATION_COMMENTS = YES;
				CLANG_WARN_EMPTY_BODY = YES;
				CLANG_WARN_ENUM_CONVERSION = YES;
				CLANG_WARN_INFINITE_RECURSION = YES;
				CLANG_WARN_INT_CONVERSION = YES;
				CLANG_WARN_NON_LITERAL_NULL_CONVERSION = YES;
				CLANG_WARN_OBJC_IMPLICIT_RETAIN_SELF = YES;
				CLANG_WARN_OBJC_LITERAL_CONVERSION = YES;
				CLANG_WARN_OBJC_ROOT_CLASS = YES_ERROR;
				CLANG_WARN_QUOTED_INCLUDE_IN_FRAMEWORK_HEADER = YES;
				CLANG_WARN_RANGE_LOOP_ANALYSIS = YES;
				CLANG_WARN_STRICT_PROTOTYPES = YES;
				CLANG_WARN_SUSPICIOUS_MOVE = YES;
				CLANG_WARN_UNGUARDED_AVAILABILITY = YES_AGGRESSIVE;
				CLANG_WARN_UNREACHABLE_CODE = YES;
				CLANG_WARN__DUPLICATE_METHOD_MATCH = YES;
				COPY_PHASE_STRIP = NO;
				DEBUG_INFORMATION_FORMAT = dwarf;
				ENABLE_STRICT_OBJC_MSGSEND = YES;
				ENABLE_TESTABILITY = YES;
				GCC_C_LANGUAGE_STANDARD = gnu11;
				GCC_DYNAMIC_NO_PIC = NO;
				GCC_NO_COMMON_BLOCKS = YES;
				GCC_OPTIMIZATION_LEVEL = 0;
				GCC_PREPROCESSOR_DEFINITIONS = (
					"DEBUG=1",
					"$(inherited)",
				);
				GCC_WARN_64_TO_32_BIT_CONVERSION = YES;
				GCC_WARN_ABOUT_RETURN_TYPE = YES_ERROR;
				GCC_WARN_UNDECLARED_SELECTOR = YES;
				GCC_WARN_UNINITIALIZED_AUTOS = YES_AGGRESSIVE;
				GCC_WARN_UNUSED_FUNCTION = YES;
				GCC_WARN_UNUSED_VARIABLE = YES;
				IPHONEOS_DEPLOYMENT_TARGET = 16.0;
				MTL_ENABLE_DEBUG_INFO = INCLUDE_SOURCE;
				MTL_FAST_MATH = YES;
				ONLY_ACTIVE_ARCH = YES;
				SDKROOT = iphoneos;
				SWIFT_ACTIVE_COMPILATION_CONDITIONS = DEBUG;
				SWIFT_OPTIMIZATION_LEVEL = "-Onone";
			};
			name = Debug;
		};
		23E0908C28C7632B0059ADD2 /* Release */ = {
			isa = XCBuildConfiguration;
			buildSettings = {
				ALWAYS_SEARCH_USER_PATHS = NO;
				CLANG_ANALYZER_NONNULL = YES;
				CLANG_ANALYZER_NUMBER_OBJECT_CONVERSION = YES_AGGRESSIVE;
				CLANG_CXX_LANGUAGE_STANDARD = "gnu++20";
				CLANG_ENABLE_MODULES = YES;
				CLANG_ENABLE_OBJC_ARC = YES;
				CLANG_ENABLE_OBJC_WEAK = YES;
				CLANG_WARN_BLOCK_CAPTURE_AUTORELEASING = YES;
				CLANG_WARN_BOOL_CONVERSION = YES;
				CLANG_WARN_COMMA = YES;
				CLANG_WARN_CONSTANT_CONVERSION = YES;
				CLANG_WARN_DEPRECATED_OBJC_IMPLEMENTATIONS = YES;
				CLANG_WARN_DIRECT_OBJC_ISA_USAGE = YES_ERROR;
				CLANG_WARN_DOCUMENTATION_COMMENTS = YES;
				CLANG_WARN_EMPTY_BODY = YES;
				CLANG_WARN_ENUM_CONVERSION = YES;
				CLANG_WARN_INFINITE_RECURSION = YES;
				CLANG_WARN_INT_CONVERSION = YES;
				CLANG_WARN_NON_LITERAL_NULL_CONVERSION = YES;
				CLANG_WARN_OBJC_IMPLICIT_RETAIN_SELF = YES;
				CLANG_WARN_OBJC_LITERAL_CONVERSION = YES;
				CLANG_WARN_OBJC_ROOT_CLASS = YES_ERROR;
				CLANG_WARN_QUOTED_INCLUDE_IN_FRAMEWORK_HEADER = YES;
				CLANG_WARN_RANGE_LOOP_ANALYSIS = YES;
				CLANG_WARN_STRICT_PROTOTYPES = YES;
				CLANG_WARN_SUSPICIOUS_MOVE = YES;
				CLANG_WARN_UNGUARDED_AVAILABILITY = YES_AGGRESSIVE;
				CLANG_WARN_UNREACHABLE_CODE = YES;
				CLANG_WARN__DUPLICATE_METHOD_MATCH = YES;
				COPY_PHASE_STRIP = NO;
				DEBUG_INFORMATION_FORMAT = "dwarf-with-dsym";
				ENABLE_NS_ASSERTIONS = NO;
				ENABLE_STRICT_OBJC_MSGSEND = YES;
				GCC_C_LANGUAGE_STANDARD = gnu11;
				GCC_NO_COMMON_BLOCKS = YES;
				GCC_WARN_64_TO_32_BIT_CONVERSION = YES;
				GCC_WARN_ABOUT_RETURN_TYPE = YES_ERROR;
				GCC_WARN_UNDECLARED_SELECTOR = YES;
				GCC_WARN_UNINITIALIZED_AUTOS = YES_AGGRESSIVE;
				GCC_WARN_UNUSED_FUNCTION = YES;
				GCC_WARN_UNUSED_VARIABLE = YES;
				IPHONEOS_DEPLOYMENT_TARGET = 16.0;
				MTL_ENABLE_DEBUG_INFO = NO;
				MTL_FAST_MATH = YES;
				SDKROOT = iphoneos;
				SWIFT_COMPILATION_MODE = wholemodule;
				SWIFT_OPTIMIZATION_LEVEL = "-O";
				VALIDATE_PRODUCT = YES;
			};
			name = Release;
		};
		23E0908E28C7632B0059ADD2 /* Debug */ = {
			isa = XCBuildConfiguration;
			buildSettings = {
				ASSETCATALOG_COMPILER_APPICON_NAME = AppIcon;
				ASSETCATALOG_COMPILER_GLOBAL_ACCENT_COLOR_NAME = AccentColor;
				CODE_SIGN_STYLE = Automatic;
				CURRENT_PROJECT_VERSION = 1;
				DEVELOPMENT_ASSET_PATHS = "\"SpotifyClone/Preview Content\"";
				DEVELOPMENT_TEAM = 62693BZN4B;
				ENABLE_PREVIEWS = YES;
				GENERATE_INFOPLIST_FILE = YES;
				INFOPLIST_KEY_UIApplicationSceneManifest_Generation = YES;
				INFOPLIST_KEY_UIApplicationSupportsIndirectInputEvents = YES;
				INFOPLIST_KEY_UILaunchScreen_Generation = YES;
				INFOPLIST_KEY_UISupportedInterfaceOrientations_iPad = "UIInterfaceOrientationPortrait UIInterfaceOrientationPortraitUpsideDown UIInterfaceOrientationLandscapeLeft UIInterfaceOrientationLandscapeRight";
				INFOPLIST_KEY_UISupportedInterfaceOrientations_iPhone = "UIInterfaceOrientationPortrait UIInterfaceOrientationLandscapeLeft UIInterfaceOrientationLandscapeRight";
				LD_RUNPATH_SEARCH_PATHS = (
					"$(inherited)",
					"@executable_path/Frameworks",
				);
				MARKETING_VERSION = 1.0;
				PRODUCT_BUNDLE_IDENTIFIER = com.berkaydisli.SpotifyClone;
				PRODUCT_NAME = "$(TARGET_NAME)";
				SWIFT_EMIT_LOC_STRINGS = YES;
				SWIFT_VERSION = 5.0;
				TARGETED_DEVICE_FAMILY = "1,2";
			};
			name = Debug;
		};
		23E0908F28C7632B0059ADD2 /* Release */ = {
			isa = XCBuildConfiguration;
			buildSettings = {
				ASSETCATALOG_COMPILER_APPICON_NAME = AppIcon;
				ASSETCATALOG_COMPILER_GLOBAL_ACCENT_COLOR_NAME = AccentColor;
				CODE_SIGN_STYLE = Automatic;
				CURRENT_PROJECT_VERSION = 1;
				DEVELOPMENT_ASSET_PATHS = "\"SpotifyClone/Preview Content\"";
				DEVELOPMENT_TEAM = 62693BZN4B;
				ENABLE_PREVIEWS = YES;
				GENERATE_INFOPLIST_FILE = YES;
				INFOPLIST_KEY_UIApplicationSceneManifest_Generation = YES;
				INFOPLIST_KEY_UIApplicationSupportsIndirectInputEvents = YES;
				INFOPLIST_KEY_UILaunchScreen_Generation = YES;
				INFOPLIST_KEY_UISupportedInterfaceOrientations_iPad = "UIInterfaceOrientationPortrait UIInterfaceOrientationPortraitUpsideDown UIInterfaceOrientationLandscapeLeft UIInterfaceOrientationLandscapeRight";
				INFOPLIST_KEY_UISupportedInterfaceOrientations_iPhone = "UIInterfaceOrientationPortrait UIInterfaceOrientationLandscapeLeft UIInterfaceOrientationLandscapeRight";
				LD_RUNPATH_SEARCH_PATHS = (
					"$(inherited)",
					"@executable_path/Frameworks",
				);
				MARKETING_VERSION = 1.0;
				PRODUCT_BUNDLE_IDENTIFIER = com.berkaydisli.SpotifyClone;
				PRODUCT_NAME = "$(TARGET_NAME)";
				SWIFT_EMIT_LOC_STRINGS = YES;
				SWIFT_VERSION = 5.0;
				TARGETED_DEVICE_FAMILY = "1,2";
			};
			name = Release;
		};
/* End XCBuildConfiguration section */

/* Begin XCConfigurationList section */
		23E0907A28C7632A0059ADD2 /* Build configuration list for PBXProject "SpotifyClone" */ = {
			isa = XCConfigurationList;
			buildConfigurations = (
				23E0908B28C7632B0059ADD2 /* Debug */,
				23E0908C28C7632B0059ADD2 /* Release */,
			);
			defaultConfigurationIsVisible = 0;
			defaultConfigurationName = Release;
		};
		23E0908D28C7632B0059ADD2 /* Build configuration list for PBXNativeTarget "SpotifyClone" */ = {
			isa = XCConfigurationList;
			buildConfigurations = (
				23E0908E28C7632B0059ADD2 /* Debug */,
				23E0908F28C7632B0059ADD2 /* Release */,
			);
			defaultConfigurationIsVisible = 0;
			defaultConfigurationName = Release;
		};
/* End XCConfigurationList section */

/* Begin XCRemoteSwiftPackageReference section */
		2390B75428C79496006BF1B2 /* XCRemoteSwiftPackageReference "Alamofire" */ = {
			isa = XCRemoteSwiftPackageReference;
			repositoryURL = "https://github.com/Alamofire/Alamofire.git";
			requirement = {
				branch = master;
				kind = branch;
			};
		};
		2390B75728C79EF7006BF1B2 /* XCRemoteSwiftPackageReference "Kingfisher" */ = {
			isa = XCRemoteSwiftPackageReference;
			repositoryURL = "https://github.com/onevcat/Kingfisher.git";
			requirement = {
				kind = upToNextMajorVersion;
				minimumVersion = 7.0.0;
			};
		};
/* End XCRemoteSwiftPackageReference section */

/* Begin XCSwiftPackageProductDependency section */
		2390B75528C79496006BF1B2 /* Alamofire */ = {
			isa = XCSwiftPackageProductDependency;
			package = 2390B75428C79496006BF1B2 /* XCRemoteSwiftPackageReference "Alamofire" */;
			productName = Alamofire;
		};
		2390B75828C79EF7006BF1B2 /* Kingfisher */ = {
			isa = XCSwiftPackageProductDependency;
			package = 2390B75728C79EF7006BF1B2 /* XCRemoteSwiftPackageReference "Kingfisher" */;
			productName = Kingfisher;
		};
/* End XCSwiftPackageProductDependency section */
	};
	rootObject = 23E0907728C7632A0059ADD2 /* Project object */;
}
